
Microsoft Visual Studio Solution File, Format Version 12.00
# Visual Studio Version 17
VisualStudioVersion = 17.10.35013.160
MinimumVisualStudioVersion = 10.0.40219.1
Project("{FAE04EC0-301F-11D3-BF4B-00C04F79EFBC}") = "GDJ.GUI", "GDJ.GUI\GDJ.GUI.csproj", "{56525CFE-F3E4-458E-8EDC-ADEAD76ECB4A}"
EndProject
Global
	GlobalSection(SolutionConfigurationPlatforms) = preSolution
		Debug|Any CPU = Debug|Any CPU
		Release|Any CPU = Release|Any CPU
	EndGlobalSection
	GlobalSection(ProjectConfigurationPlatforms) = postSolution
		{56525CFE-F3E4-458E-8EDC-ADEAD76ECB4A}.Debug|Any CPU.ActiveCfg = Debug|Any CPU
		{56525CFE-F3E4-458E-8EDC-ADEAD76ECB4A}.Debug|Any CPU.Build.0 = Debug|Any CPU
		{56525CFE-F3E4-458E-8EDC-ADEAD76ECB4A}.Release|Any CPU.ActiveCfg = Release|Any CPU
		{56525CFE-F3E4-458E-8EDC-ADEAD76ECB4A}.Release|Any CPU.Build.0 = Release|Any CPU
	EndGlobalSection
	GlobalSection(SolutionProperties) = preSolution
		HideSolutionNode = FALSE
	EndGlobalSection
	GlobalSection(ExtensibilityGlobals) = postSolution
		SolutionGuid = {F63C19C6-A08F-43B6-88B5-1A30F99EE28C}
	EndGlobalSection
EndGlobal
